
Microsoft Visual Studio Solution File, Format Version 12.00
# Visual Studio Version 16
VisualStudioVersion = 16.0.29926.136
MinimumVisualStudioVersion = 10.0.40219.1
Project("{9A19103F-16F7-4668-BE54-9A1E7A4F7556}") = "ForumNineNine", "ForumNineNine\ForumNineNine.csproj", "{AD62CE4E-75D5-403A-9E6C-AFC7FA5153FA}"
EndProject
Project("{9A19103F-16F7-4668-BE54-9A1E7A4F7556}") = "ForumNineNine.DataAccess", "ForumNineNine.DataAccess\ForumNineNine.DataAccess.csproj", "{65A6D52E-1135-49EE-8EB5-1B6EFDB2FF75}"
EndProject
Project("{9A19103F-16F7-4668-BE54-9A1E7A4F7556}") = "ForumNineNine.Services", "ForumNineNine.Services\ForumNineNine.Services.csproj", "{66D80276-4391-450F-86E3-591844FD5E1B}"
EndProject
Project("{FAE04EC0-301F-11D3-BF4B-00C04F79EFBC}") = "ForumNineNine.WebModels", "ForumNineNine.WebModels\ForumNineNine.WebModels.csproj", "{5FF9E585-0472-4789-ABB4-82FD77ED7DEC}"
EndProject
Global
	GlobalSection(SolutionConfigurationPlatforms) = preSolution
		Debug|Any CPU = Debug|Any CPU
		Release|Any CPU = Release|Any CPU
	EndGlobalSection
	GlobalSection(ProjectConfigurationPlatforms) = postSolution
		{AD62CE4E-75D5-403A-9E6C-AFC7FA5153FA}.Debug|Any CPU.ActiveCfg = Debug|Any CPU
		{AD62CE4E-75D5-403A-9E6C-AFC7FA5153FA}.Debug|Any CPU.Build.0 = Debug|Any CPU
		{AD62CE4E-75D5-403A-9E6C-AFC7FA5153FA}.Release|Any CPU.ActiveCfg = Release|Any CPU
		{AD62CE4E-75D5-403A-9E6C-AFC7FA5153FA}.Release|Any CPU.Build.0 = Release|Any CPU
		{65A6D52E-1135-49EE-8EB5-1B6EFDB2FF75}.Debug|Any CPU.ActiveCfg = Debug|Any CPU
		{65A6D52E-1135-49EE-8EB5-1B6EFDB2FF75}.Debug|Any CPU.Build.0 = Debug|Any CPU
		{65A6D52E-1135-49EE-8EB5-1B6EFDB2FF75}.Release|Any CPU.ActiveCfg = Release|Any CPU
		{65A6D52E-1135-49EE-8EB5-1B6EFDB2FF75}.Release|Any CPU.Build.0 = Release|Any CPU
		{66D80276-4391-450F-86E3-591844FD5E1B}.Debug|Any CPU.ActiveCfg = Debug|Any CPU
		{66D80276-4391-450F-86E3-591844FD5E1B}.Debug|Any CPU.Build.0 = Debug|Any CPU
		{66D80276-4391-450F-86E3-591844FD5E1B}.Release|Any CPU.ActiveCfg = Release|Any CPU
		{66D80276-4391-450F-86E3-591844FD5E1B}.Release|Any CPU.Build.0 = Release|Any CPU
		{5FF9E585-0472-4789-ABB4-82FD77ED7DEC}.Debug|Any CPU.ActiveCfg = Debug|Any CPU
		{5FF9E585-0472-4789-ABB4-82FD77ED7DEC}.Debug|Any CPU.Build.0 = Debug|Any CPU
		{5FF9E585-0472-4789-ABB4-82FD77ED7DEC}.Release|Any CPU.ActiveCfg = Release|Any CPU
		{5FF9E585-0472-4789-ABB4-82FD77ED7DEC}.Release|Any CPU.Build.0 = Release|Any CPU
	EndGlobalSection
	GlobalSection(SolutionProperties) = preSolution
		HideSolutionNode = FALSE
	EndGlobalSection
	GlobalSection(ExtensibilityGlobals) = postSolution
		SolutionGuid = {62982DC7-CBEB-4E1F-B109-EA4D3AD16D46}
	EndGlobalSection
EndGlobal
